{
    "_readme": [
        "This file locks the dependencies of your project to a known state",
        "Read more about it at https://getcomposer.org/doc/01-basic-usage.md#installing-dependencies",
        "This file is @generated automatically"
    ],
    "content-hash": "1c781df256311913734b17d60b71b698",
    "packages": [
        {
            "name": "gadelgado/singularizer",
            "version": "v1.0.0",
            "source": {
                "type": "git",
                "url": "https://github.com/gadelgado/php-singularizer.git",
                "reference": "6ce41e64e791531782bca0443656ab0fd4c8b9d5"
            },
            "dist": {
                "type": "zip",
                "url": "https://api.github.com/repos/gadelgado/php-singularizer/zipball/6ce41e64e791531782bca0443656ab0fd4c8b9d5",
                "reference": "6ce41e64e791531782bca0443656ab0fd4c8b9d5",
                "shasum": ""
            },
            "type": "library",
            "autoload": {
                "psr-4": {
                    "Gadelgado\\Singularizer\\": "src/"
                }
            },
            "notification-url": "https://packagist.org/downloads/",
            "license": [
                "MIT"
            ],
            "authors": [
                {
                    "name": "gadelgado",
                    "email": "contacto@alexdelgado.com.mx"
                }
            ],
            "description": "PHP Library to convert english words from plural to singular",
            "support": {
                "issues": "https://github.com/gadelgado/php-singularizer/issues",
                "source": "https://github.com/gadelgado/php-singularizer/tree/v1.0.0"
            },
            "time": "2022-08-22T16:45:06+00:00"
        }
    ],
    "packages-dev": [],
    "aliases": [],
    "minimum-stability": "dev",
    "stability-flags": [],
    "prefer-stable": false,
    "prefer-lowest": false,
    "platform": [],
    "platform-dev": [],
    "plugin-api-version": "2.2.0"
}
